
Microsoft Visual Studio Solution File, Format Version 12.00
# Visual Studio Version 16
VisualStudioVersion = 16.0.29215.179
MinimumVisualStudioVersion = 10.0.40219.1
Project("{FAE04EC0-301F-11D3-BF4B-00C04F79EFBC}") = "MainFramework", "Framework\MainFramework.csproj", "{63A8FEDA-2180-49B8-99C5-674FB8CAE387}"
EndProject
Project("{FAE04EC0-301F-11D3-BF4B-00C04F79EFBC}") = "ClientLibrary", "ClientLibrary\ClientLibrary.csproj", "{82F54331-0F1F-4DEF-A2B7-D60945B0413D}"
EndProject
Global
	GlobalSection(SolutionConfigurationPlatforms) = preSolution
		Debug|Any CPU = Debug|Any CPU
		Release|Any CPU = Release|Any CPU
	EndGlobalSection
	GlobalSection(ProjectConfigurationPlatforms) = postSolution
		{63A8FEDA-2180-49B8-99C5-674FB8CAE387}.Debug|Any CPU.ActiveCfg = Debug|Any CPU
		{63A8FEDA-2180-49B8-99C5-674FB8CAE387}.Debug|Any CPU.Build.0 = Debug|Any CPU
		{63A8FEDA-2180-49B8-99C5-674FB8CAE387}.Release|Any CPU.ActiveCfg = Release|Any CPU
		{63A8FEDA-2180-49B8-99C5-674FB8CAE387}.Release|Any CPU.Build.0 = Release|Any CPU
		{82F54331-0F1F-4DEF-A2B7-D60945B0413D}.Debug|Any CPU.ActiveCfg = Debug|Any CPU
		{82F54331-0F1F-4DEF-A2B7-D60945B0413D}.Debug|Any CPU.Build.0 = Debug|Any CPU
		{82F54331-0F1F-4DEF-A2B7-D60945B0413D}.Release|Any CPU.ActiveCfg = Release|Any CPU
		{82F54331-0F1F-4DEF-A2B7-D60945B0413D}.Release|Any CPU.Build.0 = Release|Any CPU
	EndGlobalSection
	GlobalSection(SolutionProperties) = preSolution
		HideSolutionNode = FALSE
	EndGlobalSection
	GlobalSection(ExtensibilityGlobals) = postSolution
		SolutionGuid = {024ECF2F-739F-4C32-97CE-CC20CCC236FF}
	EndGlobalSection
EndGlobal
